
Microsoft Visual Studio Solution File, Format Version 12.00
# Visual Studio Version 17
VisualStudioVersion = 17.13.35931.197 d17.13
MinimumVisualStudioVersion = 10.0.40219.1
Project("{FAE04EC0-301F-11D3-BF4B-00C04F79EFBC}") = "TrelloManagementSystem", "TrelloManagementSystem\TrelloManagementSystem.csproj", "{75648608-F046-4EEA-86F2-B84CC24CE7E9}"
EndProject
Project("{2150E333-8FDC-42A3-9474-1A3956D46DE8}") = "VerticalSlicing", "VerticalSlicing", "{02EA681E-C7D8-13C7-8484-4AC65E1B71E8}"
EndProject
Global
	GlobalSection(SolutionConfigurationPlatforms) = preSolution
		Debug|Any CPU = Debug|Any CPU
		Release|Any CPU = Release|Any CPU
	EndGlobalSection
	GlobalSection(ProjectConfigurationPlatforms) = postSolution
		{75648608-F046-4EEA-86F2-B84CC24CE7E9}.Debug|Any CPU.ActiveCfg = Debug|Any CPU
		{75648608-F046-4EEA-86F2-B84CC24CE7E9}.Debug|Any CPU.Build.0 = Debug|Any CPU
		{75648608-F046-4EEA-86F2-B84CC24CE7E9}.Release|Any CPU.ActiveCfg = Release|Any CPU
		{75648608-F046-4EEA-86F2-B84CC24CE7E9}.Release|Any CPU.Build.0 = Release|Any CPU
	EndGlobalSection
	GlobalSection(SolutionProperties) = preSolution
		HideSolutionNode = FALSE
	EndGlobalSection
	GlobalSection(NestedProjects) = preSolution
		{75648608-F046-4EEA-86F2-B84CC24CE7E9} = {02EA681E-C7D8-13C7-8484-4AC65E1B71E8}
	EndGlobalSection
	GlobalSection(ExtensibilityGlobals) = postSolution
		SolutionGuid = {431471DA-BB65-4ED4-A293-ECB4EF5B2F05}
	EndGlobalSection
EndGlobal
